
Microsoft Visual Studio Solution File, Format Version 12.00
Project("{FAE04EC0-301F-11D3-BF4B-00C04F79EFBC}") = "Hepergraph", "Hepergraph\Hepergraph.csproj", "{87DE772A-B4B5-4856-8C77-92179615B51D}"
EndProject
Global
	GlobalSection(SolutionConfigurationPlatforms) = preSolution
		Debug|Any CPU = Debug|Any CPU
		Release|Any CPU = Release|Any CPU
	EndGlobalSection
	GlobalSection(ProjectConfigurationPlatforms) = postSolution
		{87DE772A-B4B5-4856-8C77-92179615B51D}.Debug|Any CPU.ActiveCfg = Debug|Any CPU
		{87DE772A-B4B5-4856-8C77-92179615B51D}.Debug|Any CPU.Build.0 = Debug|Any CPU
		{87DE772A-B4B5-4856-8C77-92179615B51D}.Release|Any CPU.ActiveCfg = Release|Any CPU
		{87DE772A-B4B5-4856-8C77-92179615B51D}.Release|Any CPU.Build.0 = Release|Any CPU
	EndGlobalSection
EndGlobal
